
Microsoft Visual Studio Solution File, Format Version 12.00
# Visual Studio Version 17
VisualStudioVersion = 17.0.32112.339
MinimumVisualStudioVersion = 10.0.40219.1
Project("{FAE04EC0-301F-11D3-BF4B-00C04F79EFBC}") = "RestWithASPNETUdemy", "RestWithASPNETUdemy\RestWithASPNETUdemy.csproj", "{9C57DACC-3F63-4C8E-977A-A9F962B80019}"
EndProject
Global
	GlobalSection(SolutionConfigurationPlatforms) = preSolution
		Debug|Any CPU = Debug|Any CPU
		Release|Any CPU = Release|Any CPU
	EndGlobalSection
	GlobalSection(ProjectConfigurationPlatforms) = postSolution
		{9C57DACC-3F63-4C8E-977A-A9F962B80019}.Debug|Any CPU.ActiveCfg = Debug|Any CPU
		{9C57DACC-3F63-4C8E-977A-A9F962B80019}.Debug|Any CPU.Build.0 = Debug|Any CPU
		{9C57DACC-3F63-4C8E-977A-A9F962B80019}.Release|Any CPU.ActiveCfg = Release|Any CPU
		{9C57DACC-3F63-4C8E-977A-A9F962B80019}.Release|Any CPU.Build.0 = Release|Any CPU
	EndGlobalSection
	GlobalSection(SolutionProperties) = preSolution
		HideSolutionNode = FALSE
	EndGlobalSection
	GlobalSection(ExtensibilityGlobals) = postSolution
		SolutionGuid = {E31A0550-937D-4BBA-B0B0-7026425C614A}
	EndGlobalSection
EndGlobal
