
Microsoft Visual Studio Solution File, Format Version 12.00
# Visual Studio Version 17
VisualStudioVersion = 17.0.32112.339
MinimumVisualStudioVersion = 10.0.40219.1
Project("{9A19103F-16F7-4668-BE54-9A1E7A4F7556}") = "RestWithASPNETUdemy", "RestWithASPNETUdemy\RestWithASPNETUdemy.csproj", "{9C57DACC-3F63-4C8E-977A-A9F962B80019}"
EndProject
Project("{E53339B2-1760-4266-BCC7-CA923CBCF16C}") = "docker-compose", "docker-compose.dcproj", "{A376ABA9-63A0-4312-8B46-B3FCEAFFB7B8}"
EndProject
Global
	GlobalSection(SolutionConfigurationPlatforms) = preSolution
		Debug|Any CPU = Debug|Any CPU
		Release|Any CPU = Release|Any CPU
	EndGlobalSection
	GlobalSection(ProjectConfigurationPlatforms) = postSolution
		{9C57DACC-3F63-4C8E-977A-A9F962B80019}.Debug|Any CPU.ActiveCfg = Debug|Any CPU
		{9C57DACC-3F63-4C8E-977A-A9F962B80019}.Debug|Any CPU.Build.0 = Debug|Any CPU
		{9C57DACC-3F63-4C8E-977A-A9F962B80019}.Release|Any CPU.ActiveCfg = Release|Any CPU
		{9C57DACC-3F63-4C8E-977A-A9F962B80019}.Release|Any CPU.Build.0 = Release|Any CPU
		{A376ABA9-63A0-4312-8B46-B3FCEAFFB7B8}.Debug|Any CPU.ActiveCfg = Debug|Any CPU
		{A376ABA9-63A0-4312-8B46-B3FCEAFFB7B8}.Debug|Any CPU.Build.0 = Debug|Any CPU
		{A376ABA9-63A0-4312-8B46-B3FCEAFFB7B8}.Release|Any CPU.ActiveCfg = Release|Any CPU
		{A376ABA9-63A0-4312-8B46-B3FCEAFFB7B8}.Release|Any CPU.Build.0 = Release|Any CPU
	EndGlobalSection
	GlobalSection(SolutionProperties) = preSolution
		HideSolutionNode = FALSE
	EndGlobalSection
	GlobalSection(ExtensibilityGlobals) = postSolution
		SolutionGuid = {E31A0550-937D-4BBA-B0B0-7026425C614A}
	EndGlobalSection
EndGlobal
